# This file is automatically @generated by Poetry 1.8.3 and should not be changed by hand.

[[package]]
name = "pcpp"
version = "1.30"
description = "A C99 preprocessor written in pure Python"
optional = false
python-versions = "*"
files = [
    {file = "pcpp-1.30-py2.py3-none-any.whl", hash = "sha256:05fe08292b6da57f385001c891a87f40d6aa7f46787b03e8ba326d20a3297c6e"},
    {file = "pcpp-1.30.tar.gz", hash = "sha256:5af9fbce55f136d7931ae915fae03c34030a3b36c496e72d9636cedc8e2543a1"},
]

[metadata]
lock-version = "2.0"
python-versions = "^3.12"
content-hash = "192be30c3ad8c1bdf1d3fe97def0342562ab423871e669d5ae9a9d47adc82de7"
